
Microsoft Visual Studio Solution File, Format Version 12.00
# Visual Studio Version 17
VisualStudioVersion = 17.5.2.0
MinimumVisualStudioVersion = 10.0.40219.1
Project("{FAE04EC0-301F-11D3-BF4B-00C04F79EFBC}") = "PokerAlgo", "PokerAlgo\PokerAlgo.csproj", "{866FD2CD-E168-4F4E-86D9-3950406BE2E0}"
EndProject
Project("{FAE04EC0-301F-11D3-BF4B-00C04F79EFBC}") = "Sandbox", "Sandbox\Sandbox.csproj", "{C2BE2424-C3F5-4B63-AEC4-55C71CC55A27}"
EndProject
Project("{FAE04EC0-301F-11D3-BF4B-00C04F79EFBC}") = "Testing", "Testing\Testing.csproj", "{D51D79C2-4FD7-4A39-920A-848FDBD3A523}"
EndProject
Project("{FAE04EC0-301F-11D3-BF4B-00C04F79EFBC}") = "Compute", "Compute\Compute.csproj", "{DC62836C-F92A-415F-9ADD-074C29E82B8D}"
EndProject
Global
	GlobalSection(SolutionConfigurationPlatforms) = preSolution
		Debug|Any CPU = Debug|Any CPU
		Debug|x64 = Debug|x64
		Debug|x86 = Debug|x86
		Release|Any CPU = Release|Any CPU
		Release|x64 = Release|x64
		Release|x86 = Release|x86
	EndGlobalSection
	GlobalSection(ProjectConfigurationPlatforms) = postSolution
		{866FD2CD-E168-4F4E-86D9-3950406BE2E0}.Debug|Any CPU.ActiveCfg = Debug|Any CPU
		{866FD2CD-E168-4F4E-86D9-3950406BE2E0}.Debug|Any CPU.Build.0 = Debug|Any CPU
		{866FD2CD-E168-4F4E-86D9-3950406BE2E0}.Debug|x64.ActiveCfg = Debug|Any CPU
		{866FD2CD-E168-4F4E-86D9-3950406BE2E0}.Debug|x64.Build.0 = Debug|Any CPU
		{866FD2CD-E168-4F4E-86D9-3950406BE2E0}.Debug|x86.ActiveCfg = Debug|Any CPU
		{866FD2CD-E168-4F4E-86D9-3950406BE2E0}.Debug|x86.Build.0 = Debug|Any CPU
		{866FD2CD-E168-4F4E-86D9-3950406BE2E0}.Release|Any CPU.ActiveCfg = Release|Any CPU
		{866FD2CD-E168-4F4E-86D9-3950406BE2E0}.Release|Any CPU.Build.0 = Release|Any CPU
		{866FD2CD-E168-4F4E-86D9-3950406BE2E0}.Release|x64.ActiveCfg = Release|Any CPU
		{866FD2CD-E168-4F4E-86D9-3950406BE2E0}.Release|x64.Build.0 = Release|Any CPU
		{866FD2CD-E168-4F4E-86D9-3950406BE2E0}.Release|x86.ActiveCfg = Release|Any CPU
		{866FD2CD-E168-4F4E-86D9-3950406BE2E0}.Release|x86.Build.0 = Release|Any CPU
		{C2BE2424-C3F5-4B63-AEC4-55C71CC55A27}.Debug|Any CPU.ActiveCfg = Debug|Any CPU
		{C2BE2424-C3F5-4B63-AEC4-55C71CC55A27}.Debug|Any CPU.Build.0 = Debug|Any CPU
		{C2BE2424-C3F5-4B63-AEC4-55C71CC55A27}.Debug|x64.ActiveCfg = Debug|Any CPU
		{C2BE2424-C3F5-4B63-AEC4-55C71CC55A27}.Debug|x64.Build.0 = Debug|Any CPU
		{C2BE2424-C3F5-4B63-AEC4-55C71CC55A27}.Debug|x86.ActiveCfg = Debug|Any CPU
		{C2BE2424-C3F5-4B63-AEC4-55C71CC55A27}.Debug|x86.Build.0 = Debug|Any CPU
		{C2BE2424-C3F5-4B63-AEC4-55C71CC55A27}.Release|Any CPU.ActiveCfg = Release|Any CPU
		{C2BE2424-C3F5-4B63-AEC4-55C71CC55A27}.Release|Any CPU.Build.0 = Release|Any CPU
		{C2BE2424-C3F5-4B63-AEC4-55C71CC55A27}.Release|x64.ActiveCfg = Release|Any CPU
		{C2BE2424-C3F5-4B63-AEC4-55C71CC55A27}.Release|x64.Build.0 = Release|Any CPU
		{C2BE2424-C3F5-4B63-AEC4-55C71CC55A27}.Release|x86.ActiveCfg = Release|Any CPU
		{C2BE2424-C3F5-4B63-AEC4-55C71CC55A27}.Release|x86.Build.0 = Release|Any CPU
		{D51D79C2-4FD7-4A39-920A-848FDBD3A523}.Debug|Any CPU.ActiveCfg = Debug|Any CPU
		{D51D79C2-4FD7-4A39-920A-848FDBD3A523}.Debug|Any CPU.Build.0 = Debug|Any CPU
		{D51D79C2-4FD7-4A39-920A-848FDBD3A523}.Debug|x64.ActiveCfg = Debug|Any CPU
		{D51D79C2-4FD7-4A39-920A-848FDBD3A523}.Debug|x64.Build.0 = Debug|Any CPU
		{D51D79C2-4FD7-4A39-920A-848FDBD3A523}.Debug|x86.ActiveCfg = Debug|Any CPU
		{D51D79C2-4FD7-4A39-920A-848FDBD3A523}.Debug|x86.Build.0 = Debug|Any CPU
		{D51D79C2-4FD7-4A39-920A-848FDBD3A523}.Release|Any CPU.ActiveCfg = Release|Any CPU
		{D51D79C2-4FD7-4A39-920A-848FDBD3A523}.Release|Any CPU.Build.0 = Release|Any CPU
		{D51D79C2-4FD7-4A39-920A-848FDBD3A523}.Release|x64.ActiveCfg = Release|Any CPU
		{D51D79C2-4FD7-4A39-920A-848FDBD3A523}.Release|x64.Build.0 = Release|Any CPU
		{D51D79C2-4FD7-4A39-920A-848FDBD3A523}.Release|x86.ActiveCfg = Release|Any CPU
		{D51D79C2-4FD7-4A39-920A-848FDBD3A523}.Release|x86.Build.0 = Release|Any CPU
		{DC62836C-F92A-415F-9ADD-074C29E82B8D}.Debug|Any CPU.ActiveCfg = Debug|Any CPU
		{DC62836C-F92A-415F-9ADD-074C29E82B8D}.Debug|Any CPU.Build.0 = Debug|Any CPU
		{DC62836C-F92A-415F-9ADD-074C29E82B8D}.Debug|x64.ActiveCfg = Debug|Any CPU
		{DC62836C-F92A-415F-9ADD-074C29E82B8D}.Debug|x64.Build.0 = Debug|Any CPU
		{DC62836C-F92A-415F-9ADD-074C29E82B8D}.Debug|x86.ActiveCfg = Debug|Any CPU
		{DC62836C-F92A-415F-9ADD-074C29E82B8D}.Debug|x86.Build.0 = Debug|Any CPU
		{DC62836C-F92A-415F-9ADD-074C29E82B8D}.Release|Any CPU.ActiveCfg = Release|Any CPU
		{DC62836C-F92A-415F-9ADD-074C29E82B8D}.Release|Any CPU.Build.0 = Release|Any CPU
		{DC62836C-F92A-415F-9ADD-074C29E82B8D}.Release|x64.ActiveCfg = Release|Any CPU
		{DC62836C-F92A-415F-9ADD-074C29E82B8D}.Release|x64.Build.0 = Release|Any CPU
		{DC62836C-F92A-415F-9ADD-074C29E82B8D}.Release|x86.ActiveCfg = Release|Any CPU
		{DC62836C-F92A-415F-9ADD-074C29E82B8D}.Release|x86.Build.0 = Release|Any CPU
	EndGlobalSection
	GlobalSection(SolutionProperties) = preSolution
		HideSolutionNode = FALSE
	EndGlobalSection
	GlobalSection(ExtensibilityGlobals) = postSolution
		SolutionGuid = {08AF6709-23F8-4F6A-BA0C-5FACEE9EA986}
	EndGlobalSection
EndGlobal
